
Microsoft Visual Studio Solution File, Format Version 12.00
# Visual Studio 15
VisualStudioVersion = 15.0.27004.2005
MinimumVisualStudioVersion = 10.0.40219.1
Project("{FAE04EC0-301F-11D3-BF4B-00C04F79EFBC}") = "MVVMBasic.Android", "MVVMBasic\MVVMBasic.Android\MVVMBasic.Android.csproj", "{D0AF252D-25F5-44BB-83E8-A692E30F4331}"
EndProject
Project("{FAE04EC0-301F-11D3-BF4B-00C04F79EFBC}") = "MVVMBasic", "MVVMBasic\MVVMBasic\MVVMBasic.csproj", "{9DD58B5F-9ECA-4501-9C9A-DC30F4D43F80}"
EndProject
Project("{FAE04EC0-301F-11D3-BF4B-00C04F79EFBC}") = "MVVMBasic.UWP", "MVVMBasic\MVVMBasic.UWP\MVVMBasic.UWP.csproj", "{60B9DFEF-376D-4E8F-A5EC-AED8258FC683}"
EndProject
Project("{FAE04EC0-301F-11D3-BF4B-00C04F79EFBC}") = "MVVMBasic.iOS", "MVVMBasic\MVVMBasic.iOS\MVVMBasic.iOS.csproj", "{AACF9F8E-626E-4CD7-AB57-640C5F01B297}"
EndProject
Global
	GlobalSection(SolutionConfigurationPlatforms) = preSolution
		Ad-Hoc|Any CPU = Ad-Hoc|Any CPU
		Ad-Hoc|ARM = Ad-Hoc|ARM
		Ad-Hoc|iPhone = Ad-Hoc|iPhone
		Ad-Hoc|iPhoneSimulator = Ad-Hoc|iPhoneSimulator
		Ad-Hoc|x64 = Ad-Hoc|x64
		Ad-Hoc|x86 = Ad-Hoc|x86
		AppStore|Any CPU = AppStore|Any CPU
		AppStore|ARM = AppStore|ARM
		AppStore|iPhone = AppStore|iPhone
		AppStore|iPhoneSimulator = AppStore|iPhoneSimulator
		AppStore|x64 = AppStore|x64
		AppStore|x86 = AppStore|x86
		Debug|Any CPU = Debug|Any CPU
		Debug|ARM = Debug|ARM
		Debug|iPhone = Debug|iPhone
		Debug|iPhoneSimulator = Debug|iPhoneSimulator
		Debug|x64 = Debug|x64
		Debug|x86 = Debug|x86
		Release|Any CPU = Release|Any CPU
		Release|ARM = Release|ARM
		Release|iPhone = Release|iPhone
		Release|iPhoneSimulator = Release|iPhoneSimulator
		Release|x64 = Release|x64
		Release|x86 = Release|x86
	EndGlobalSection
	GlobalSection(ProjectConfigurationPlatforms) = postSolution
		{D0AF252D-25F5-44BB-83E8-A692E30F4331}.Ad-Hoc|Any CPU.ActiveCfg = Release|Any CPU
		{D0AF252D-25F5-44BB-83E8-A692E30F4331}.Ad-Hoc|Any CPU.Build.0 = Release|Any CPU
		{D0AF252D-25F5-44BB-83E8-A692E30F4331}.Ad-Hoc|Any CPU.Deploy.0 = Release|Any CPU
		{D0AF252D-25F5-44BB-83E8-A692E30F4331}.Ad-Hoc|ARM.ActiveCfg = Release|Any CPU
		{D0AF252D-25F5-44BB-83E8-A692E30F4331}.Ad-Hoc|ARM.Build.0 = Release|Any CPU
		{D0AF252D-25F5-44BB-83E8-A692E30F4331}.Ad-Hoc|ARM.Deploy.0 = Release|Any CPU
		{D0AF252D-25F5-44BB-83E8-A692E30F4331}.Ad-Hoc|iPhone.ActiveCfg = Release|Any CPU
		{D0AF252D-25F5-44BB-83E8-A692E30F4331}.Ad-Hoc|iPhone.Build.0 = Release|Any CPU
		{D0AF252D-25F5-44BB-83E8-A692E30F4331}.Ad-Hoc|iPhone.Deploy.0 = Release|Any CPU
		{D0AF252D-25F5-44BB-83E8-A692E30F4331}.Ad-Hoc|iPhoneSimulator.ActiveCfg = Release|Any CPU
		{D0AF252D-25F5-44BB-83E8-A692E30F4331}.Ad-Hoc|iPhoneSimulator.Build.0 = Release|Any CPU
		{D0AF252D-25F5-44BB-83E8-A692E30F4331}.Ad-Hoc|iPhoneSimulator.Deploy.0 = Release|Any CPU
		{D0AF252D-25F5-44BB-83E8-A692E30F4331}.Ad-Hoc|x64.ActiveCfg = Release|Any CPU
		{D0AF252D-25F5-44BB-83E8-A692E30F4331}.Ad-Hoc|x64.Build.0 = Release|Any CPU
		{D0AF252D-25F5-44BB-83E8-A692E30F4331}.Ad-Hoc|x64.Deploy.0 = Release|Any CPU
		{D0AF252D-25F5-44BB-83E8-A692E30F4331}.Ad-Hoc|x86.ActiveCfg = Release|Any CPU
		{D0AF252D-25F5-44BB-83E8-A692E30F4331}.Ad-Hoc|x86.Build.0 = Release|Any CPU
		{D0AF252D-25F5-44BB-83E8-A692E30F4331}.Ad-Hoc|x86.Deploy.0 = Release|Any CPU
		{D0AF252D-25F5-44BB-83E8-A692E30F4331}.AppStore|Any CPU.ActiveCfg = Release|Any CPU
		{D0AF252D-25F5-44BB-83E8-A692E30F4331}.AppStore|Any CPU.Build.0 = Release|Any CPU
		{D0AF252D-25F5-44BB-83E8-A692E30F4331}.AppStore|Any CPU.Deploy.0 = Release|Any CPU
		{D0AF252D-25F5-44BB-83E8-A692E30F4331}.AppStore|ARM.ActiveCfg = Release|Any CPU
		{D0AF252D-25F5-44BB-83E8-A692E30F4331}.AppStore|ARM.Build.0 = Release|Any CPU
		{D0AF252D-25F5-44BB-83E8-A692E30F4331}.AppStore|ARM.Deploy.0 = Release|Any CPU
		{D0AF252D-25F5-44BB-83E8-A692E30F4331}.AppStore|iPhone.ActiveCfg = Release|Any CPU
		{D0AF252D-25F5-44BB-83E8-A692E30F4331}.AppStore|iPhone.Build.0 = Release|Any CPU
		{D0AF252D-25F5-44BB-83E8-A692E30F4331}.AppStore|iPhone.Deploy.0 = Release|Any CPU
		{D0AF252D-25F5-44BB-83E8-A692E30F4331}.AppStore|iPhoneSimulator.ActiveCfg = Release|Any CPU
		{D0AF252D-25F5-44BB-83E8-A692E30F4331}.AppStore|iPhoneSimulator.Build.0 = Release|Any CPU
		{D0AF252D-25F5-44BB-83E8-A692E30F4331}.AppStore|iPhoneSimulator.Deploy.0 = Release|Any CPU
		{D0AF252D-25F5-44BB-83E8-A692E30F4331}.AppStore|x64.ActiveCfg = Release|Any CPU
		{D0AF252D-25F5-44BB-83E8-A692E30F4331}.AppStore|x64.Build.0 = Release|Any CPU
		{D0AF252D-25F5-44BB-83E8-A692E30F4331}.AppStore|x64.Deploy.0 = Release|Any CPU
		{D0AF252D-25F5-44BB-83E8-A692E30F4331}.AppStore|x86.ActiveCfg = Release|Any CPU
		{D0AF252D-25F5-44BB-83E8-A692E30F4331}.AppStore|x86.Build.0 = Release|Any CPU
		{D0AF252D-25F5-44BB-83E8-A692E30F4331}.AppStore|x86.Deploy.0 = Release|Any CPU
		{D0AF252D-25F5-44BB-83E8-A692E30F4331}.Debug|Any CPU.ActiveCfg = Debug|Any CPU
		{D0AF252D-25F5-44BB-83E8-A692E30F4331}.Debug|Any CPU.Build.0 = Debug|Any CPU
		{D0AF252D-25F5-44BB-83E8-A692E30F4331}.Debug|Any CPU.Deploy.0 = Debug|Any CPU
		{D0AF252D-25F5-44BB-83E8-A692E30F4331}.Debug|ARM.ActiveCfg = Debug|Any CPU
		{D0AF252D-25F5-44BB-83E8-A692E30F4331}.Debug|ARM.Build.0 = Debug|Any CPU
		{D0AF252D-25F5-44BB-83E8-A692E30F4331}.Debug|ARM.Deploy.0 = Debug|Any CPU
		{D0AF252D-25F5-44BB-83E8-A692E30F4331}.Debug|iPhone.ActiveCfg = Debug|Any CPU
		{D0AF252D-25F5-44BB-83E8-A692E30F4331}.Debug|iPhone.Build.0 = Debug|Any CPU
		{D0AF252D-25F5-44BB-83E8-A692E30F4331}.Debug|iPhone.Deploy.0 = Debug|Any CPU
		{D0AF252D-25F5-44BB-83E8-A692E30F4331}.Debug|iPhoneSimulator.ActiveCfg = Debug|Any CPU
		{D0AF252D-25F5-44BB-83E8-A692E30F4331}.Debug|iPhoneSimulator.Build.0 = Debug|Any CPU
		{D0AF252D-25F5-44BB-83E8-A692E30F4331}.Debug|iPhoneSimulator.Deploy.0 = Debug|Any CPU
		{D0AF252D-25F5-44BB-83E8-A692E30F4331}.Debug|x64.ActiveCfg = Debug|Any CPU
		{D0AF252D-25F5-44BB-83E8-A692E30F4331}.Debug|x64.Build.0 = Debug|Any CPU
		{D0AF252D-25F5-44BB-83E8-A692E30F4331}.Debug|x64.Deploy.0 = Debug|Any CPU
		{D0AF252D-25F5-44BB-83E8-A692E30F4331}.Debug|x86.ActiveCfg = Debug|Any CPU
		{D0AF252D-25F5-44BB-83E8-A692E30F4331}.Debug|x86.Build.0 = Debug|Any CPU
		{D0AF252D-25F5-44BB-83E8-A692E30F4331}.Debug|x86.Deploy.0 = Debug|Any CPU
		{D0AF252D-25F5-44BB-83E8-A692E30F4331}.Release|Any CPU.ActiveCfg = Release|Any CPU
		{D0AF252D-25F5-44BB-83E8-A692E30F4331}.Release|Any CPU.Build.0 = Release|Any CPU
		{D0AF252D-25F5-44BB-83E8-A692E30F4331}.Release|Any CPU.Deploy.0 = Release|Any CPU
		{D0AF252D-25F5-44BB-83E8-A692E30F4331}.Release|ARM.ActiveCfg = Release|Any CPU
		{D0AF252D-25F5-44BB-83E8-A692E30F4331}.Release|ARM.Build.0 = Release|Any CPU
		{D0AF252D-25F5-44BB-83E8-A692E30F4331}.Release|ARM.Deploy.0 = Release|Any CPU
		{D0AF252D-25F5-44BB-83E8-A692E30F4331}.Release|iPhone.ActiveCfg = Release|Any CPU
		{D0AF252D-25F5-44BB-83E8-A692E30F4331}.Release|iPhone.Build.0 = Release|Any CPU
		{D0AF252D-25F5-44BB-83E8-A692E30F4331}.Release|iPhone.Deploy.0 = Release|Any CPU
		{D0AF252D-25F5-44BB-83E8-A692E30F4331}.Release|iPhoneSimulator.ActiveCfg = Release|Any CPU
		{D0AF252D-25F5-44BB-83E8-A692E30F4331}.Release|iPhoneSimulator.Build.0 = Release|Any CPU
		{D0AF252D-25F5-44BB-83E8-A692E30F4331}.Release|iPhoneSimulator.Deploy.0 = Release|Any CPU
		{D0AF252D-25F5-44BB-83E8-A692E30F4331}.Release|x64.ActiveCfg = Release|Any CPU
		{D0AF252D-25F5-44BB-83E8-A692E30F4331}.Release|x64.Build.0 = Release|Any CPU
		{D0AF252D-25F5-44BB-83E8-A692E30F4331}.Release|x64.Deploy.0 = Release|Any CPU
		{D0AF252D-25F5-44BB-83E8-A692E30F4331}.Release|x86.ActiveCfg = Release|Any CPU
		{D0AF252D-25F5-44BB-83E8-A692E30F4331}.Release|x86.Build.0 = Release|Any CPU
		{D0AF252D-25F5-44BB-83E8-A692E30F4331}.Release|x86.Deploy.0 = Release|Any CPU
		{9DD58B5F-9ECA-4501-9C9A-DC30F4D43F80}.Ad-Hoc|Any CPU.ActiveCfg = Release|Any CPU
		{9DD58B5F-9ECA-4501-9C9A-DC30F4D43F80}.Ad-Hoc|Any CPU.Build.0 = Release|Any CPU
		{9DD58B5F-9ECA-4501-9C9A-DC30F4D43F80}.Ad-Hoc|ARM.ActiveCfg = Release|Any CPU
		{9DD58B5F-9ECA-4501-9C9A-DC30F4D43F80}.Ad-Hoc|ARM.Build.0 = Release|Any CPU
		{9DD58B5F-9ECA-4501-9C9A-DC30F4D43F80}.Ad-Hoc|iPhone.ActiveCfg = Release|Any CPU
		{9DD58B5F-9ECA-4501-9C9A-DC30F4D43F80}.Ad-Hoc|iPhone.Build.0 = Release|Any CPU
		{9DD58B5F-9ECA-4501-9C9A-DC30F4D43F80}.Ad-Hoc|iPhoneSimulator.ActiveCfg = Release|Any CPU
		{9DD58B5F-9ECA-4501-9C9A-DC30F4D43F80}.Ad-Hoc|iPhoneSimulator.Build.0 = Release|Any CPU
		{9DD58B5F-9ECA-4501-9C9A-DC30F4D43F80}.Ad-Hoc|x64.ActiveCfg = Release|Any CPU
		{9DD58B5F-9ECA-4501-9C9A-DC30F4D43F80}.Ad-Hoc|x64.Build.0 = Release|Any CPU
		{9DD58B5F-9ECA-4501-9C9A-DC30F4D43F80}.Ad-Hoc|x86.ActiveCfg = Release|Any CPU
		{9DD58B5F-9ECA-4501-9C9A-DC30F4D43F80}.Ad-Hoc|x86.Build.0 = Release|Any CPU
		{9DD58B5F-9ECA-4501-9C9A-DC30F4D43F80}.AppStore|Any CPU.ActiveCfg = Release|Any CPU
		{9DD58B5F-9ECA-4501-9C9A-DC30F4D43F80}.AppStore|Any CPU.Build.0 = Release|Any CPU
		{9DD58B5F-9ECA-4501-9C9A-DC30F4D43F80}.AppStore|ARM.ActiveCfg = Release|Any CPU
		{9DD58B5F-9ECA-4501-9C9A-DC30F4D43F80}.AppStore|ARM.Build.0 = Release|Any CPU
		{9DD58B5F-9ECA-4501-9C9A-DC30F4D43F80}.AppStore|iPhone.ActiveCfg = Release|Any CPU
		{9DD58B5F-9ECA-4501-9C9A-DC30F4D43F80}.AppStore|iPhone.Build.0 = Release|Any CPU
		{9DD58B5F-9ECA-4501-9C9A-DC30F4D43F80}.AppStore|iPhoneSimulator.ActiveCfg = Release|Any CPU
		{9DD58B5F-9ECA-4501-9C9A-DC30F4D43F80}.AppStore|iPhoneSimulator.Build.0 = Release|Any CPU
		{9DD58B5F-9ECA-4501-9C9A-DC30F4D43F80}.AppStore|x64.ActiveCfg = Release|Any CPU
		{9DD58B5F-9ECA-4501-9C9A-DC30F4D43F80}.AppStore|x64.Build.0 = Release|Any CPU
		{9DD58B5F-9ECA-4501-9C9A-DC30F4D43F80}.AppStore|x86.ActiveCfg = Release|Any CPU
		{9DD58B5F-9ECA-4501-9C9A-DC30F4D43F80}.AppStore|x86.Build.0 = Release|Any CPU
		{9DD58B5F-9ECA-4501-9C9A-DC30F4D43F80}.Debug|Any CPU.ActiveCfg = Debug|Any CPU
		{9DD58B5F-9ECA-4501-9C9A-DC30F4D43F80}.Debug|Any CPU.Build.0 = Debug|Any CPU
		{9DD58B5F-9ECA-4501-9C9A-DC30F4D43F80}.Debug|ARM.ActiveCfg = Debug|Any CPU
		{9DD58B5F-9ECA-4501-9C9A-DC30F4D43F80}.Debug|ARM.Build.0 = Debug|Any CPU
		{9DD58B5F-9ECA-4501-9C9A-DC30F4D43F80}.Debug|iPhone.ActiveCfg = Debug|Any CPU
		{9DD58B5F-9ECA-4501-9C9A-DC30F4D43F80}.Debug|iPhone.Build.0 = Debug|Any CPU
		{9DD58B5F-9ECA-4501-9C9A-DC30F4D43F80}.Debug|iPhoneSimulator.ActiveCfg = Debug|Any CPU
		{9DD58B5F-9ECA-4501-9C9A-DC30F4D43F80}.Debug|iPhoneSimulator.Build.0 = Debug|Any CPU
		{9DD58B5F-9ECA-4501-9C9A-DC30F4D43F80}.Debug|x64.ActiveCfg = Debug|Any CPU
		{9DD58B5F-9ECA-4501-9C9A-DC30F4D43F80}.Debug|x64.Build.0 = Debug|Any CPU
		{9DD58B5F-9ECA-4501-9C9A-DC30F4D43F80}.Debug|x86.ActiveCfg = Debug|Any CPU
		{9DD58B5F-9ECA-4501-9C9A-DC30F4D43F80}.Debug|x86.Build.0 = Debug|Any CPU
		{9DD58B5F-9ECA-4501-9C9A-DC30F4D43F80}.Release|Any CPU.ActiveCfg = Release|Any CPU
		{9DD58B5F-9ECA-4501-9C9A-DC30F4D43F80}.Release|Any CPU.Build.0 = Release|Any CPU
		{9DD58B5F-9ECA-4501-9C9A-DC30F4D43F80}.Release|ARM.ActiveCfg = Release|Any CPU
		{9DD58B5F-9ECA-4501-9C9A-DC30F4D43F80}.Release|ARM.Build.0 = Release|Any CPU
		{9DD58B5F-9ECA-4501-9C9A-DC30F4D43F80}.Release|iPhone.ActiveCfg = Release|Any CPU
		{9DD58B5F-9ECA-4501-9C9A-DC30F4D43F80}.Release|iPhone.Build.0 = Release|Any CPU
		{9DD58B5F-9ECA-4501-9C9A-DC30F4D43F80}.Release|iPhoneSimulator.ActiveCfg = Release|Any CPU
		{9DD58B5F-9ECA-4501-9C9A-DC30F4D43F80}.Release|iPhoneSimulator.Build.0 = Release|Any CPU
		{9DD58B5F-9ECA-4501-9C9A-DC30F4D43F80}.Release|x64.ActiveCfg = Release|Any CPU
		{9DD58B5F-9ECA-4501-9C9A-DC30F4D43F80}.Release|x64.Build.0 = Release|Any CPU
		{9DD58B5F-9ECA-4501-9C9A-DC30F4D43F80}.Release|x86.ActiveCfg = Release|Any CPU
		{9DD58B5F-9ECA-4501-9C9A-DC30F4D43F80}.Release|x86.Build.0 = Release|Any CPU
		{60B9DFEF-376D-4E8F-A5EC-AED8258FC683}.Ad-Hoc|Any CPU.ActiveCfg = Release|x86
		{60B9DFEF-376D-4E8F-A5EC-AED8258FC683}.Ad-Hoc|Any CPU.Build.0 = Release|x86
		{60B9DFEF-376D-4E8F-A5EC-AED8258FC683}.Ad-Hoc|Any CPU.Deploy.0 = Release|x86
		{60B9DFEF-376D-4E8F-A5EC-AED8258FC683}.Ad-Hoc|ARM.ActiveCfg = Release|ARM
		{60B9DFEF-376D-4E8F-A5EC-AED8258FC683}.Ad-Hoc|ARM.Build.0 = Release|ARM
		{60B9DFEF-376D-4E8F-A5EC-AED8258FC683}.Ad-Hoc|ARM.Deploy.0 = Release|ARM
		{60B9DFEF-376D-4E8F-A5EC-AED8258FC683}.Ad-Hoc|iPhone.ActiveCfg = Release|x86
		{60B9DFEF-376D-4E8F-A5EC-AED8258FC683}.Ad-Hoc|iPhone.Build.0 = Release|x86
		{60B9DFEF-376D-4E8F-A5EC-AED8258FC683}.Ad-Hoc|iPhone.Deploy.0 = Release|x86
		{60B9DFEF-376D-4E8F-A5EC-AED8258FC683}.Ad-Hoc|iPhoneSimulator.ActiveCfg = Release|x86
		{60B9DFEF-376D-4E8F-A5EC-AED8258FC683}.Ad-Hoc|iPhoneSimulator.Build.0 = Release|x86
		{60B9DFEF-376D-4E8F-A5EC-AED8258FC683}.Ad-Hoc|iPhoneSimulator.Deploy.0 = Release|x86
		{60B9DFEF-376D-4E8F-A5EC-AED8258FC683}.Ad-Hoc|x64.ActiveCfg = Release|x64
		{60B9DFEF-376D-4E8F-A5EC-AED8258FC683}.Ad-Hoc|x64.Build.0 = Release|x64
		{60B9DFEF-376D-4E8F-A5EC-AED8258FC683}.Ad-Hoc|x64.Deploy.0 = Release|x64
		{60B9DFEF-376D-4E8F-A5EC-AED8258FC683}.Ad-Hoc|x86.ActiveCfg = Release|x86
		{60B9DFEF-376D-4E8F-A5EC-AED8258FC683}.Ad-Hoc|x86.Build.0 = Release|x86
		{60B9DFEF-376D-4E8F-A5EC-AED8258FC683}.Ad-Hoc|x86.Deploy.0 = Release|x86
		{60B9DFEF-376D-4E8F-A5EC-AED8258FC683}.AppStore|Any CPU.ActiveCfg = Release|x86
		{60B9DFEF-376D-4E8F-A5EC-AED8258FC683}.AppStore|Any CPU.Build.0 = Release|x86
		{60B9DFEF-376D-4E8F-A5EC-AED8258FC683}.AppStore|Any CPU.Deploy.0 = Release|x86
		{60B9DFEF-376D-4E8F-A5EC-AED8258FC683}.AppStore|ARM.ActiveCfg = Release|ARM
		{60B9DFEF-376D-4E8F-A5EC-AED8258FC683}.AppStore|ARM.Build.0 = Release|ARM
		{60B9DFEF-376D-4E8F-A5EC-AED8258FC683}.AppStore|ARM.Deploy.0 = Release|ARM
		{60B9DFEF-376D-4E8F-A5EC-AED8258FC683}.AppStore|iPhone.ActiveCfg = Release|x86
		{60B9DFEF-376D-4E8F-A5EC-AED8258FC683}.AppStore|iPhone.Build.0 = Release|x86
		{60B9DFEF-376D-4E8F-A5EC-AED8258FC683}.AppStore|iPhone.Deploy.0 = Release|x86
		{60B9DFEF-376D-4E8F-A5EC-AED8258FC683}.AppStore|iPhoneSimulator.ActiveCfg = Release|x86
		{60B9DFEF-376D-4E8F-A5EC-AED8258FC683}.AppStore|iPhoneSimulator.Build.0 = Release|x86
		{60B9DFEF-376D-4E8F-A5EC-AED8258FC683}.AppStore|iPhoneSimulator.Deploy.0 = Release|x86
		{60B9DFEF-376D-4E8F-A5EC-AED8258FC683}.AppStore|x64.ActiveCfg = Release|x64
		{60B9DFEF-376D-4E8F-A5EC-AED8258FC683}.AppStore|x64.Build.0 = Release|x64
		{60B9DFEF-376D-4E8F-A5EC-AED8258FC683}.AppStore|x64.Deploy.0 = Release|x64
		{60B9DFEF-376D-4E8F-A5EC-AED8258FC683}.AppStore|x86.ActiveCfg = Release|x86
		{60B9DFEF-376D-4E8F-A5EC-AED8258FC683}.AppStore|x86.Build.0 = Release|x86
		{60B9DFEF-376D-4E8F-A5EC-AED8258FC683}.AppStore|x86.Deploy.0 = Release|x86
		{60B9DFEF-376D-4E8F-A5EC-AED8258FC683}.Debug|Any CPU.ActiveCfg = Debug|x86
		{60B9DFEF-376D-4E8F-A5EC-AED8258FC683}.Debug|ARM.ActiveCfg = Debug|ARM
		{60B9DFEF-376D-4E8F-A5EC-AED8258FC683}.Debug|ARM.Build.0 = Debug|ARM
		{60B9DFEF-376D-4E8F-A5EC-AED8258FC683}.Debug|ARM.Deploy.0 = Debug|ARM
		{60B9DFEF-376D-4E8F-A5EC-AED8258FC683}.Debug|iPhone.ActiveCfg = Debug|x86
		{60B9DFEF-376D-4E8F-A5EC-AED8258FC683}.Debug|iPhoneSimulator.ActiveCfg = Debug|x86
		{60B9DFEF-376D-4E8F-A5EC-AED8258FC683}.Debug|x64.ActiveCfg = Debug|x64
		{60B9DFEF-376D-4E8F-A5EC-AED8258FC683}.Debug|x64.Build.0 = Debug|x64
		{60B9DFEF-376D-4E8F-A5EC-AED8258FC683}.Debug|x64.Deploy.0 = Debug|x64
		{60B9DFEF-376D-4E8F-A5EC-AED8258FC683}.Debug|x86.ActiveCfg = Debug|x86
		{60B9DFEF-376D-4E8F-A5EC-AED8258FC683}.Debug|x86.Build.0 = Debug|x86
		{60B9DFEF-376D-4E8F-A5EC-AED8258FC683}.Debug|x86.Deploy.0 = Debug|x86
		{60B9DFEF-376D-4E8F-A5EC-AED8258FC683}.Release|Any CPU.ActiveCfg = Release|x86
		{60B9DFEF-376D-4E8F-A5EC-AED8258FC683}.Release|ARM.ActiveCfg = Release|ARM
		{60B9DFEF-376D-4E8F-A5EC-AED8258FC683}.Release|ARM.Build.0 = Release|ARM
		{60B9DFEF-376D-4E8F-A5EC-AED8258FC683}.Release|ARM.Deploy.0 = Release|ARM
		{60B9DFEF-376D-4E8F-A5EC-AED8258FC683}.Release|iPhone.ActiveCfg = Release|x86
		{60B9DFEF-376D-4E8F-A5EC-AED8258FC683}.Release|iPhoneSimulator.ActiveCfg = Release|x86
		{60B9DFEF-376D-4E8F-A5EC-AED8258FC683}.Release|x64.ActiveCfg = Release|x64
		{60B9DFEF-376D-4E8F-A5EC-AED8258FC683}.Release|x64.Build.0 = Release|x64
		{60B9DFEF-376D-4E8F-A5EC-AED8258FC683}.Release|x64.Deploy.0 = Release|x64
		{60B9DFEF-376D-4E8F-A5EC-AED8258FC683}.Release|x86.ActiveCfg = Release|x86
		{60B9DFEF-376D-4E8F-A5EC-AED8258FC683}.Release|x86.Build.0 = Release|x86
		{60B9DFEF-376D-4E8F-A5EC-AED8258FC683}.Release|x86.Deploy.0 = Release|x86
		{AACF9F8E-626E-4CD7-AB57-640C5F01B297}.Ad-Hoc|Any CPU.ActiveCfg = Ad-Hoc|iPhoneSimulator
		{AACF9F8E-626E-4CD7-AB57-640C5F01B297}.Ad-Hoc|ARM.ActiveCfg = Ad-Hoc|iPhone
		{AACF9F8E-626E-4CD7-AB57-640C5F01B297}.Ad-Hoc|iPhone.ActiveCfg = Ad-Hoc|iPhone
		{AACF9F8E-626E-4CD7-AB57-640C5F01B297}.Ad-Hoc|iPhone.Build.0 = Ad-Hoc|iPhone
		{AACF9F8E-626E-4CD7-AB57-640C5F01B297}.Ad-Hoc|iPhoneSimulator.ActiveCfg = Ad-Hoc|iPhoneSimulator
		{AACF9F8E-626E-4CD7-AB57-640C5F01B297}.Ad-Hoc|iPhoneSimulator.Build.0 = Ad-Hoc|iPhoneSimulator
		{AACF9F8E-626E-4CD7-AB57-640C5F01B297}.Ad-Hoc|x64.ActiveCfg = Ad-Hoc|iPhone
		{AACF9F8E-626E-4CD7-AB57-640C5F01B297}.Ad-Hoc|x86.ActiveCfg = Ad-Hoc|iPhone
		{AACF9F8E-626E-4CD7-AB57-640C5F01B297}.AppStore|Any CPU.ActiveCfg = AppStore|iPhoneSimulator
		{AACF9F8E-626E-4CD7-AB57-640C5F01B297}.AppStore|ARM.ActiveCfg = AppStore|iPhone
		{AACF9F8E-626E-4CD7-AB57-640C5F01B297}.AppStore|iPhone.ActiveCfg = AppStore|iPhone
		{AACF9F8E-626E-4CD7-AB57-640C5F01B297}.AppStore|iPhone.Build.0 = AppStore|iPhone
		{AACF9F8E-626E-4CD7-AB57-640C5F01B297}.AppStore|iPhoneSimulator.ActiveCfg = AppStore|iPhoneSimulator
		{AACF9F8E-626E-4CD7-AB57-640C5F01B297}.AppStore|iPhoneSimulator.Build.0 = AppStore|iPhoneSimulator
		{AACF9F8E-626E-4CD7-AB57-640C5F01B297}.AppStore|x64.ActiveCfg = AppStore|iPhone
		{AACF9F8E-626E-4CD7-AB57-640C5F01B297}.AppStore|x86.ActiveCfg = AppStore|iPhone
		{AACF9F8E-626E-4CD7-AB57-640C5F01B297}.Debug|Any CPU.ActiveCfg = Debug|iPhoneSimulator
		{AACF9F8E-626E-4CD7-AB57-640C5F01B297}.Debug|ARM.ActiveCfg = Debug|iPhone
		{AACF9F8E-626E-4CD7-AB57-640C5F01B297}.Debug|iPhone.ActiveCfg = Debug|iPhone
		{AACF9F8E-626E-4CD7-AB57-640C5F01B297}.Debug|iPhone.Build.0 = Debug|iPhone
		{AACF9F8E-626E-4CD7-AB57-640C5F01B297}.Debug|iPhoneSimulator.ActiveCfg = Debug|iPhoneSimulator
		{AACF9F8E-626E-4CD7-AB57-640C5F01B297}.Debug|iPhoneSimulator.Build.0 = Debug|iPhoneSimulator
		{AACF9F8E-626E-4CD7-AB57-640C5F01B297}.Debug|x64.ActiveCfg = Debug|iPhone
		{AACF9F8E-626E-4CD7-AB57-640C5F01B297}.Debug|x86.ActiveCfg = Debug|iPhone
		{AACF9F8E-626E-4CD7-AB57-640C5F01B297}.Release|Any CPU.ActiveCfg = Release|iPhoneSimulator
		{AACF9F8E-626E-4CD7-AB57-640C5F01B297}.Release|ARM.ActiveCfg = Release|iPhone
		{AACF9F8E-626E-4CD7-AB57-640C5F01B297}.Release|iPhone.ActiveCfg = Release|iPhone
		{AACF9F8E-626E-4CD7-AB57-640C5F01B297}.Release|iPhone.Build.0 = Release|iPhone
		{AACF9F8E-626E-4CD7-AB57-640C5F01B297}.Release|iPhoneSimulator.ActiveCfg = Release|iPhoneSimulator
		{AACF9F8E-626E-4CD7-AB57-640C5F01B297}.Release|iPhoneSimulator.Build.0 = Release|iPhoneSimulator
		{AACF9F8E-626E-4CD7-AB57-640C5F01B297}.Release|x64.ActiveCfg = Release|iPhone
		{AACF9F8E-626E-4CD7-AB57-640C5F01B297}.Release|x86.ActiveCfg = Release|iPhone
	EndGlobalSection
	GlobalSection(SolutionProperties) = preSolution
		HideSolutionNode = FALSE
	EndGlobalSection
	GlobalSection(ExtensibilityGlobals) = postSolution
		SolutionGuid = {3F0D00FA-AF08-40FC-A26D-62B46FFD8EF3}
	EndGlobalSection
EndGlobal
